// !$*UTF8*$!
{
	archiveVersion = 1;
	classes = {
	};
	objectVersion = 56;
	objects = {

/* Begin PBXBuildFile section */
		17999A632A2C4B9B0030B439 /* CacheLoader.swift in Sources */ = {isa = PBXBuildFile; fileRef = 17999A622A2C4B9B0030B439 /* CacheLoader.swift */; };
		17999A652A2C77880030B439 /* ImageLoader.swift in Sources */ = {isa = PBXBuildFile; fileRef = 17999A642A2C77880030B439 /* ImageLoader.swift */; };
		17BFCCB429E27017007DC73D /* MoviesRequest.swift in Sources */ = {isa = PBXBuildFile; fileRef = 17BFCCB329E27017007DC73D /* MoviesRequest.swift */; };
		17D694C029BC63F90021F017 /* AppDelegate.swift in Sources */ = {isa = PBXBuildFile; fileRef = 17D694BF29BC63F90021F017 /* AppDelegate.swift */; };
		17D694C229BC63F90021F017 /* SceneDelegate.swift in Sources */ = {isa = PBXBuildFile; fileRef = 17D694C129BC63F90021F017 /* SceneDelegate.swift */; };
		17D694C429BC63F90021F017 /* MainViewController.swift in Sources */ = {isa = PBXBuildFile; fileRef = 17D694C329BC63F90021F017 /* MainViewController.swift */; };
		17D694C929BC63FA0021F017 /* Assets.xcassets in Resources */ = {isa = PBXBuildFile; fileRef = 17D694C829BC63FA0021F017 /* Assets.xcassets */; };
		17D694CC29BC63FA0021F017 /* LaunchScreen.storyboard in Resources */ = {isa = PBXBuildFile; fileRef = 17D694CA29BC63FA0021F017 /* LaunchScreen.storyboard */; };
		17D6950429BDCBD80021F017 /* Extensions.swift in Sources */ = {isa = PBXBuildFile; fileRef = 17D6950329BDCBD80021F017 /* Extensions.swift */; };
		17D6950929BDCC8D0021F017 /* CategoriesViewModel.swift in Sources */ = {isa = PBXBuildFile; fileRef = 17D6950829BDCC8D0021F017 /* CategoriesViewModel.swift */; };
		17D6950C29BDCCD70021F017 /* CategoryTableViewCell.swift in Sources */ = {isa = PBXBuildFile; fileRef = 17D6950B29BDCCD70021F017 /* CategoryTableViewCell.swift */; };
		17D6950F29BDCD060021F017 /* MovieCollectionViewCell.swift in Sources */ = {isa = PBXBuildFile; fileRef = 17D6950E29BDCD060021F017 /* MovieCollectionViewCell.swift */; };
		17D6951129BDCD820021F017 /* GridViewModel.swift in Sources */ = {isa = PBXBuildFile; fileRef = 17D6951029BDCD820021F017 /* GridViewModel.swift */; };
		17D6951329BDCDB80021F017 /* DataSource.swift in Sources */ = {isa = PBXBuildFile; fileRef = 17D6951229BDCDB80021F017 /* DataSource.swift */; };
		17D6951729BDD57A0021F017 /* Constants.swift in Sources */ = {isa = PBXBuildFile; fileRef = 17D6951629BDD57A0021F017 /* Constants.swift */; };
		17D6951929BDE7DC0021F017 /* Movie.swift in Sources */ = {isa = PBXBuildFile; fileRef = 17D6951829BDE7DC0021F017 /* Movie.swift */; };
		1B196192550D16BDB763EA3E /* Pods_WhatToWatch.framework in Frameworks */ = {isa = PBXBuildFile; fileRef = 6AC640BA81265EF702299FB0 /* Pods_WhatToWatch.framework */; };
/* End PBXBuildFile section */

/* Begin PBXFileReference section */
		17999A622A2C4B9B0030B439 /* CacheLoader.swift */ = {isa = PBXFileReference; lastKnownFileType = sourcecode.swift; path = CacheLoader.swift; sourceTree = "<group>"; };
		17999A642A2C77880030B439 /* ImageLoader.swift */ = {isa = PBXFileReference; lastKnownFileType = sourcecode.swift; path = ImageLoader.swift; sourceTree = "<group>"; };
		17BFCCB329E27017007DC73D /* MoviesRequest.swift */ = {isa = PBXFileReference; lastKnownFileType = sourcecode.swift; path = MoviesRequest.swift; sourceTree = "<group>"; };
		17D694BC29BC63F90021F017 /* WhatToWatch.app */ = {isa = PBXFileReference; explicitFileType = wrapper.application; includeInIndex = 0; path = WhatToWatch.app; sourceTree = BUILT_PRODUCTS_DIR; };
		17D694BF29BC63F90021F017 /* AppDelegate.swift */ = {isa = PBXFileReference; lastKnownFileType = sourcecode.swift; path = AppDelegate.swift; sourceTree = "<group>"; };
		17D694C129BC63F90021F017 /* SceneDelegate.swift */ = {isa = PBXFileReference; lastKnownFileType = sourcecode.swift; path = SceneDelegate.swift; sourceTree = "<group>"; };
		17D694C329BC63F90021F017 /* MainViewController.swift */ = {isa = PBXFileReference; lastKnownFileType = sourcecode.swift; path = MainViewController.swift; sourceTree = "<group>"; };
		17D694C829BC63FA0021F017 /* Assets.xcassets */ = {isa = PBXFileReference; lastKnownFileType = folder.assetcatalog; path = Assets.xcassets; sourceTree = "<group>"; };
		17D694CB29BC63FA0021F017 /* Base */ = {isa = PBXFileReference; lastKnownFileType = file.storyboard; name = Base; path = Base.lproj/LaunchScreen.storyboard; sourceTree = "<group>"; };
		17D694CD29BC63FA0021F017 /* Info.plist */ = {isa = PBXFileReference; lastKnownFileType = text.plist.xml; path = Info.plist; sourceTree = "<group>"; };
		17D6950329BDCBD80021F017 /* Extensions.swift */ = {isa = PBXFileReference; lastKnownFileType = sourcecode.swift; path = Extensions.swift; sourceTree = "<group>"; };
		17D6950829BDCC8D0021F017 /* CategoriesViewModel.swift */ = {isa = PBXFileReference; lastKnownFileType = sourcecode.swift; path = CategoriesViewModel.swift; sourceTree = "<group>"; };
		17D6950B29BDCCD70021F017 /* CategoryTableViewCell.swift */ = {isa = PBXFileReference; lastKnownFileType = sourcecode.swift; path = CategoryTableViewCell.swift; sourceTree = "<group>"; };
		17D6950E29BDCD060021F017 /* MovieCollectionViewCell.swift */ = {isa = PBXFileReference; lastKnownFileType = sourcecode.swift; path = MovieCollectionViewCell.swift; sourceTree = "<group>"; };
		17D6951029BDCD820021F017 /* GridViewModel.swift */ = {isa = PBXFileReference; lastKnownFileType = sourcecode.swift; path = GridViewModel.swift; sourceTree = "<group>"; };
		17D6951229BDCDB80021F017 /* DataSource.swift */ = {isa = PBXFileReference; lastKnownFileType = sourcecode.swift; path = DataSource.swift; sourceTree = "<group>"; };
		17D6951629BDD57A0021F017 /* Constants.swift */ = {isa = PBXFileReference; lastKnownFileType = sourcecode.swift; path = Constants.swift; sourceTree = "<group>"; };
		17D6951829BDE7DC0021F017 /* Movie.swift */ = {isa = PBXFileReference; lastKnownFileType = sourcecode.swift; path = Movie.swift; sourceTree = "<group>"; };
		4DFBC7C1ABD50BA88489265F /* Pods-WhatToWatch.debug.xcconfig */ = {isa = PBXFileReference; includeInIndex = 1; lastKnownFileType = text.xcconfig; name = "Pods-WhatToWatch.debug.xcconfig"; path = "Target Support Files/Pods-WhatToWatch/Pods-WhatToWatch.debug.xcconfig"; sourceTree = "<group>"; };
		6AC640BA81265EF702299FB0 /* Pods_WhatToWatch.framework */ = {isa = PBXFileReference; explicitFileType = wrapper.framework; includeInIndex = 0; path = Pods_WhatToWatch.framework; sourceTree = BUILT_PRODUCTS_DIR; };
		917F35E4DF109F3E0FA0FCC8 /* Pods-WhatToWatch.release.xcconfig */ = {isa = PBXFileReference; includeInIndex = 1; lastKnownFileType = text.xcconfig; name = "Pods-WhatToWatch.release.xcconfig"; path = "Target Support Files/Pods-WhatToWatch/Pods-WhatToWatch.release.xcconfig"; sourceTree = "<group>"; };
/* End PBXFileReference section */

/* Begin PBXFrameworksBuildPhase section */
		17D694B929BC63F90021F017 /* Frameworks */ = {
			isa = PBXFrameworksBuildPhase;
			buildActionMask = 2147483647;
			files = (
				1B196192550D16BDB763EA3E /* Pods_WhatToWatch.framework in Frameworks */,
			);
			runOnlyForDeploymentPostprocessing = 0;
		};
/* End PBXFrameworksBuildPhase section */

/* Begin PBXGroup section */
		17999A612A2C4A790030B439 /* Helpers */ = {
			isa = PBXGroup;
			children = (
				17999A622A2C4B9B0030B439 /* CacheLoader.swift */,
				17999A642A2C77880030B439 /* ImageLoader.swift */,
			);
			path = Helpers;
			sourceTree = "<group>";
		};
		17BFCCB029E26E11007DC73D /* Scenes */ = {
			isa = PBXGroup;
			children = (
				17BFCCB129E26E17007DC73D /* MainScreen */,
			);
			path = Scenes;
			sourceTree = "<group>";
		};
		17BFCCB129E26E17007DC73D /* MainScreen */ = {
			isa = PBXGroup;
			children = (
				17D6950729BDCC600021F017 /* Model */,
				17D6950629BDCC580021F017 /* ViewModel */,
				17D6950529BDCC4D0021F017 /* View */,
			);
			path = MainScreen;
			sourceTree = "<group>";
		};
		17BFCCB229E26FDB007DC73D /* APIService */ = {
			isa = PBXGroup;
			children = (
				17BFCCB329E27017007DC73D /* MoviesRequest.swift */,
			);
			path = APIService;
			sourceTree = "<group>";
		};
		17D694B329BC63F90021F017 = {
			isa = PBXGroup;
			children = (
				17D694BE29BC63F90021F017 /* WhatToWatch */,
				17D694BD29BC63F90021F017 /* Products */,
				3D5F5448AB444DF0AEC7EA03 /* Pods */,
				47D25F013A350BF3BD9DB09D /* Frameworks */,
			);
			sourceTree = "<group>";
		};
		17D694BD29BC63F90021F017 /* Products */ = {
			isa = PBXGroup;
			children = (
				17D694BC29BC63F90021F017 /* WhatToWatch.app */,
			);
			name = Products;
			sourceTree = "<group>";
		};
		17D694BE29BC63F90021F017 /* WhatToWatch */ = {
			isa = PBXGroup;
			children = (
				17D694BF29BC63F90021F017 /* AppDelegate.swift */,
				17D694C129BC63F90021F017 /* SceneDelegate.swift */,
				17BFCCB029E26E11007DC73D /* Scenes */,
				17D6950029BDCA570021F017 /* Data Source */,
				17BFCCB229E26FDB007DC73D /* APIService */,
				17D694FC29BDC87C0021F017 /* Supporting Files */,
				17D694FD29BDC9FD0021F017 /* Extensions */,
				17999A612A2C4A790030B439 /* Helpers */,
			);
			path = WhatToWatch;
			sourceTree = "<group>";
		};
		17D694FC29BDC87C0021F017 /* Supporting Files */ = {
			isa = PBXGroup;
			children = (
				17D694C829BC63FA0021F017 /* Assets.xcassets */,
				17D694CA29BC63FA0021F017 /* LaunchScreen.storyboard */,
				17D694CD29BC63FA0021F017 /* Info.plist */,
				17D6951629BDD57A0021F017 /* Constants.swift */,
			);
			name = "Supporting Files";
			path = "/Users/tsaybelsa/Documents/Developing/WhatToWatch/WhatToWatch/Supporting Files";
			sourceTree = "<absolute>";
		};
		17D694FD29BDC9FD0021F017 /* Extensions */ = {
			isa = PBXGroup;
			children = (
				17D6950329BDCBD80021F017 /* Extensions.swift */,
			);
			path = Extensions;
			sourceTree = "<group>";
		};
		17D6950029BDCA570021F017 /* Data Source */ = {
			isa = PBXGroup;
			children = (
				17D6951229BDCDB80021F017 /* DataSource.swift */,
			);
			path = "Data Source";
			sourceTree = "<group>";
		};
		17D6950529BDCC4D0021F017 /* View */ = {
			isa = PBXGroup;
			children = (
				17D6950A29BDCCCC0021F017 /* TableViewCell */,
				17D6950D29BDCCF90021F017 /* CollectionViewCell */,
				17D694C329BC63F90021F017 /* MainViewController.swift */,
			);
			path = View;
			sourceTree = "<group>";
		};
		17D6950629BDCC580021F017 /* ViewModel */ = {
			isa = PBXGroup;
			children = (
				17D6950829BDCC8D0021F017 /* CategoriesViewModel.swift */,
				17D6951029BDCD820021F017 /* GridViewModel.swift */,
			);
			path = ViewModel;
			sourceTree = "<group>";
		};
		17D6950729BDCC600021F017 /* Model */ = {
			isa = PBXGroup;
			children = (
				17D6951829BDE7DC0021F017 /* Movie.swift */,
			);
			path = Model;
			sourceTree = "<group>";
		};
		17D6950A29BDCCCC0021F017 /* TableViewCell */ = {
			isa = PBXGroup;
			children = (
				17D6950B29BDCCD70021F017 /* CategoryTableViewCell.swift */,
			);
			path = TableViewCell;
			sourceTree = "<group>";
		};
		17D6950D29BDCCF90021F017 /* CollectionViewCell */ = {
			isa = PBXGroup;
			children = (
				17D6950E29BDCD060021F017 /* MovieCollectionViewCell.swift */,
			);
			path = CollectionViewCell;
			sourceTree = "<group>";
		};
		3D5F5448AB444DF0AEC7EA03 /* Pods */ = {
			isa = PBXGroup;
			children = (
				4DFBC7C1ABD50BA88489265F /* Pods-WhatToWatch.debug.xcconfig */,
				917F35E4DF109F3E0FA0FCC8 /* Pods-WhatToWatch.release.xcconfig */,
			);
			path = Pods;
			sourceTree = "<group>";
		};
		47D25F013A350BF3BD9DB09D /* Frameworks */ = {
			isa = PBXGroup;
			children = (
				6AC640BA81265EF702299FB0 /* Pods_WhatToWatch.framework */,
			);
			name = Frameworks;
			sourceTree = "<group>";
		};
/* End PBXGroup section */

/* Begin PBXNativeTarget section */
		17D694BB29BC63F90021F017 /* WhatToWatch */ = {
			isa = PBXNativeTarget;
			buildConfigurationList = 17D694D029BC63FA0021F017 /* Build configuration list for PBXNativeTarget "WhatToWatch" */;
			buildPhases = (
				B21860AB1181F4207382898D /* [CP] Check Pods Manifest.lock */,
				17D694B829BC63F90021F017 /* Sources */,
				17D694B929BC63F90021F017 /* Frameworks */,
				17D694BA29BC63F90021F017 /* Resources */,
				5DA6A4A98CA59F7FF6900F51 /* [CP] Embed Pods Frameworks */,
			);
			buildRules = (
			);
			dependencies = (
			);
			name = WhatToWatch;
			productName = WhatToWatch;
			productReference = 17D694BC29BC63F90021F017 /* WhatToWatch.app */;
			productType = "com.apple.product-type.application";
		};
/* End PBXNativeTarget section */

/* Begin PBXProject section */
		17D694B429BC63F90021F017 /* Project object */ = {
			isa = PBXProject;
			attributes = {
				BuildIndependentTargetsInParallel = 1;
				LastSwiftUpdateCheck = 1420;
				LastUpgradeCheck = 1420;
				TargetAttributes = {
					17D694BB29BC63F90021F017 = {
						CreatedOnToolsVersion = 14.2;
					};
				};
			};
			buildConfigurationList = 17D694B729BC63F90021F017 /* Build configuration list for PBXProject "WhatToWatch" */;
			compatibilityVersion = "Xcode 14.0";
			developmentRegion = en;
			hasScannedForEncodings = 0;
			knownRegions = (
				en,
				Base,
			);
			mainGroup = 17D694B329BC63F90021F017;
			productRefGroup = 17D694BD29BC63F90021F017 /* Products */;
			projectDirPath = "";
			projectRoot = "";
			targets = (
				17D694BB29BC63F90021F017 /* WhatToWatch */,
			);
		};
/* End PBXProject section */

/* Begin PBXResourcesBuildPhase section */
		17D694BA29BC63F90021F017 /* Resources */ = {
			isa = PBXResourcesBuildPhase;
			buildActionMask = 2147483647;
			files = (
				17D694CC29BC63FA0021F017 /* LaunchScreen.storyboard in Resources */,
				17D694C929BC63FA0021F017 /* Assets.xcassets in Resources */,
			);
			runOnlyForDeploymentPostprocessing = 0;
		};
/* End PBXResourcesBuildPhase section */

/* Begin PBXShellScriptBuildPhase section */
		5DA6A4A98CA59F7FF6900F51 /* [CP] Embed Pods Frameworks */ = {
			isa = PBXShellScriptBuildPhase;
			buildActionMask = 2147483647;
			files = (
			);
			inputFileListPaths = (
				"${PODS_ROOT}/Target Support Files/Pods-WhatToWatch/Pods-WhatToWatch-frameworks-${CONFIGURATION}-input-files.xcfilelist",
			);
			name = "[CP] Embed Pods Frameworks";
			outputFileListPaths = (
				"${PODS_ROOT}/Target Support Files/Pods-WhatToWatch/Pods-WhatToWatch-frameworks-${CONFIGURATION}-output-files.xcfilelist",
			);
			runOnlyForDeploymentPostprocessing = 0;
			shellPath = /bin/sh;
			shellScript = "\"${PODS_ROOT}/Target Support Files/Pods-WhatToWatch/Pods-WhatToWatch-frameworks.sh\"\n";
			showEnvVarsInLog = 0;
		};
		B21860AB1181F4207382898D /* [CP] Check Pods Manifest.lock */ = {
			isa = PBXShellScriptBuildPhase;
			buildActionMask = 2147483647;
			files = (
			);
			inputFileListPaths = (
			);
			inputPaths = (
				"${PODS_PODFILE_DIR_PATH}/Podfile.lock",
				"${PODS_ROOT}/Manifest.lock",
			);
			name = "[CP] Check Pods Manifest.lock";
			outputFileListPaths = (
			);
			outputPaths = (
				"$(DERIVED_FILE_DIR)/Pods-WhatToWatch-checkManifestLockResult.txt",
			);
			runOnlyForDeploymentPostprocessing = 0;
			shellPath = /bin/sh;
			shellScript = "diff \"${PODS_PODFILE_DIR_PATH}/Podfile.lock\" \"${PODS_ROOT}/Manifest.lock\" > /dev/null\nif [ $? != 0 ] ; then\n    # print error to STDERR\n    echo \"error: The sandbox is not in sync with the Podfile.lock. Run 'pod install' or update your CocoaPods installation.\" >&2\n    exit 1\nfi\n# This output is used by Xcode 'outputs' to avoid re-running this script phase.\necho \"SUCCESS\" > \"${SCRIPT_OUTPUT_FILE_0}\"\n";
			showEnvVarsInLog = 0;
		};
/* End PBXShellScriptBuildPhase section */

/* Begin PBXSourcesBuildPhase section */
		17D694B829BC63F90021F017 /* Sources */ = {
			isa = PBXSourcesBuildPhase;
			buildActionMask = 2147483647;
			files = (
				17999A652A2C77880030B439 /* ImageLoader.swift in Sources */,
				17D6951129BDCD820021F017 /* GridViewModel.swift in Sources */,
				17D6951929BDE7DC0021F017 /* Movie.swift in Sources */,
				17BFCCB429E27017007DC73D /* MoviesRequest.swift in Sources */,
				17D6951729BDD57A0021F017 /* Constants.swift in Sources */,
				17D6950929BDCC8D0021F017 /* CategoriesViewModel.swift in Sources */,
				17D6950429BDCBD80021F017 /* Extensions.swift in Sources */,
				17D6951329BDCDB80021F017 /* DataSource.swift in Sources */,
				17D694C429BC63F90021F017 /* MainViewController.swift in Sources */,
				17D694C029BC63F90021F017 /* AppDelegate.swift in Sources */,
				17D6950F29BDCD060021F017 /* MovieCollectionViewCell.swift in Sources */,
				17999A632A2C4B9B0030B439 /* CacheLoader.swift in Sources */,
				17D694C229BC63F90021F017 /* SceneDelegate.swift in Sources */,
				17D6950C29BDCCD70021F017 /* CategoryTableViewCell.swift in Sources */,
			);
			runOnlyForDeploymentPostprocessing = 0;
		};
/* End PBXSourcesBuildPhase section */

/* Begin PBXVariantGroup section */
		17D694CA29BC63FA0021F017 /* LaunchScreen.storyboard */ = {
			isa = PBXVariantGroup;
			children = (
				17D694CB29BC63FA0021F017 /* Base */,
			);
			name = LaunchScreen.storyboard;
			sourceTree = "<group>";
		};
/* End PBXVariantGroup section */

/* Begin XCBuildConfiguration section */
		17D694CE29BC63FA0021F017 /* Debug */ = {
			isa = XCBuildConfiguration;
			buildSettings = {
				ALWAYS_SEARCH_USER_PATHS = NO;
				CLANG_ANALYZER_NONNULL = YES;
				CLANG_ANALYZER_NUMBER_OBJECT_CONVERSION = YES_AGGRESSIVE;
				CLANG_CXX_LANGUAGE_STANDARD = "gnu++20";
				CLANG_ENABLE_MODULES = YES;
				CLANG_ENABLE_OBJC_ARC = YES;
				CLANG_ENABLE_OBJC_WEAK = YES;
				CLANG_WARN_BLOCK_CAPTURE_AUTORELEASING = YES;
				CLANG_WARN_BOOL_CONVERSION = YES;
				CLANG_WARN_COMMA = YES;
				CLANG_WARN_CONSTANT_CONVERSION = YES;
				CLANG_WARN_DEPRECATED_OBJC_IMPLEMENTATIONS = YES;
				CLANG_WARN_DIRECT_OBJC_ISA_USAGE = YES_ERROR;
				CLANG_WARN_DOCUMENTATION_COMMENTS = YES;
				CLANG_WARN_EMPTY_BODY = YES;
				CLANG_WARN_ENUM_CONVERSION = YES;
				CLANG_WARN_INFINITE_RECURSION = YES;
				CLANG_WARN_INT_CONVERSION = YES;
				CLANG_WARN_NON_LITERAL_NULL_CONVERSION = YES;
				CLANG_WARN_OBJC_IMPLICIT_RETAIN_SELF = YES;
				CLANG_WARN_OBJC_LITERAL_CONVERSION = YES;
				CLANG_WARN_OBJC_ROOT_CLASS = YES_ERROR;
				CLANG_WARN_QUOTED_INCLUDE_IN_FRAMEWORK_HEADER = YES;
				CLANG_WARN_RANGE_LOOP_ANALYSIS = YES;
				CLANG_WARN_STRICT_PROTOTYPES = YES;
				CLANG_WARN_SUSPICIOUS_MOVE = YES;
				CLANG_WARN_UNGUARDED_AVAILABILITY = YES_AGGRESSIVE;
				CLANG_WARN_UNREACHABLE_CODE = YES;
				CLANG_WARN__DUPLICATE_METHOD_MATCH = YES;
				COPY_PHASE_STRIP = NO;
				DEBUG_INFORMATION_FORMAT = dwarf;
				ENABLE_STRICT_OBJC_MSGSEND = YES;
				ENABLE_TESTABILITY = YES;
				GCC_C_LANGUAGE_STANDARD = gnu11;
				GCC_DYNAMIC_NO_PIC = NO;
				GCC_NO_COMMON_BLOCKS = YES;
				GCC_OPTIMIZATION_LEVEL = 0;
				GCC_PREPROCESSOR_DEFINITIONS = (
					"DEBUG=1",
					"$(inherited)",
				);
				GCC_WARN_64_TO_32_BIT_CONVERSION = YES;
				GCC_WARN_ABOUT_RETURN_TYPE = YES_ERROR;
				GCC_WARN_UNDECLARED_SELECTOR = YES;
				GCC_WARN_UNINITIALIZED_AUTOS = YES_AGGRESSIVE;
				GCC_WARN_UNUSED_FUNCTION = YES;
				GCC_WARN_UNUSED_VARIABLE = YES;
				IPHONEOS_DEPLOYMENT_TARGET = 13.0;
				MTL_ENABLE_DEBUG_INFO = INCLUDE_SOURCE;
				MTL_FAST_MATH = YES;
				ONLY_ACTIVE_ARCH = YES;
				SDKROOT = iphoneos;
				SWIFT_ACTIVE_COMPILATION_CONDITIONS = DEBUG;
				SWIFT_OPTIMIZATION_LEVEL = "-Onone";
			};
			name = Debug;
		};
		17D694CF29BC63FA0021F017 /* Release */ = {
			isa = XCBuildConfiguration;
			buildSettings = {
				ALWAYS_SEARCH_USER_PATHS = NO;
				CLANG_ANALYZER_NONNULL = YES;
				CLANG_ANALYZER_NUMBER_OBJECT_CONVERSION = YES_AGGRESSIVE;
				CLANG_CXX_LANGUAGE_STANDARD = "gnu++20";
				CLANG_ENABLE_MODULES = YES;
				CLANG_ENABLE_OBJC_ARC = YES;
				CLANG_ENABLE_OBJC_WEAK = YES;
				CLANG_WARN_BLOCK_CAPTURE_AUTORELEASING = YES;
				CLANG_WARN_BOOL_CONVERSION = YES;
				CLANG_WARN_COMMA = YES;
				CLANG_WARN_CONSTANT_CONVERSION = YES;
				CLANG_WARN_DEPRECATED_OBJC_IMPLEMENTATIONS = YES;
				CLANG_WARN_DIRECT_OBJC_ISA_USAGE = YES_ERROR;
				CLANG_WARN_DOCUMENTATION_COMMENTS = YES;
				CLANG_WARN_EMPTY_BODY = YES;
				CLANG_WARN_ENUM_CONVERSION = YES;
				CLANG_WARN_INFINITE_RECURSION = YES;
				CLANG_WARN_INT_CONVERSION = YES;
				CLANG_WARN_NON_LITERAL_NULL_CONVERSION = YES;
				CLANG_WARN_OBJC_IMPLICIT_RETAIN_SELF = YES;
				CLANG_WARN_OBJC_LITERAL_CONVERSION = YES;
				CLANG_WARN_OBJC_ROOT_CLASS = YES_ERROR;
				CLANG_WARN_QUOTED_INCLUDE_IN_FRAMEWORK_HEADER = YES;
				CLANG_WARN_RANGE_LOOP_ANALYSIS = YES;
				CLANG_WARN_STRICT_PROTOTYPES = YES;
				CLANG_WARN_SUSPICIOUS_MOVE = YES;
				CLANG_WARN_UNGUARDED_AVAILABILITY = YES_AGGRESSIVE;
				CLANG_WARN_UNREACHABLE_CODE = YES;
				CLANG_WARN__DUPLICATE_METHOD_MATCH = YES;
				COPY_PHASE_STRIP = NO;
				DEBUG_INFORMATION_FORMAT = "dwarf-with-dsym";
				ENABLE_NS_ASSERTIONS = NO;
				ENABLE_STRICT_OBJC_MSGSEND = YES;
				GCC_C_LANGUAGE_STANDARD = gnu11;
				GCC_NO_COMMON_BLOCKS = YES;
				GCC_WARN_64_TO_32_BIT_CONVERSION = YES;
				GCC_WARN_ABOUT_RETURN_TYPE = YES_ERROR;
				GCC_WARN_UNDECLARED_SELECTOR = YES;
				GCC_WARN_UNINITIALIZED_AUTOS = YES_AGGRESSIVE;
				GCC_WARN_UNUSED_FUNCTION = YES;
				GCC_WARN_UNUSED_VARIABLE = YES;
				IPHONEOS_DEPLOYMENT_TARGET = 13.0;
				MTL_ENABLE_DEBUG_INFO = NO;
				MTL_FAST_MATH = YES;
				SDKROOT = iphoneos;
				SWIFT_COMPILATION_MODE = wholemodule;
				SWIFT_OPTIMIZATION_LEVEL = "-O";
				VALIDATE_PRODUCT = YES;
			};
			name = Release;
		};
		17D694D129BC63FA0021F017 /* Debug */ = {
			isa = XCBuildConfiguration;
			baseConfigurationReference = 4DFBC7C1ABD50BA88489265F /* Pods-WhatToWatch.debug.xcconfig */;
			buildSettings = {
				ASSETCATALOG_COMPILER_APPICON_NAME = AppIcon;
				ASSETCATALOG_COMPILER_GLOBAL_ACCENT_COLOR_NAME = AccentColor;
				CODE_SIGN_STYLE = Automatic;
				CURRENT_PROJECT_VERSION = 1;
				DEVELOPMENT_TEAM = XY2J735A6H;
				GENERATE_INFOPLIST_FILE = YES;
				INFOPLIST_FILE = "WhatToWatch/Supporting Files/Info.plist";
				INFOPLIST_KEY_UIApplicationSupportsIndirectInputEvents = YES;
				INFOPLIST_KEY_UILaunchStoryboardName = LaunchScreen;
				INFOPLIST_KEY_UIMainStoryboardFile = "";
				INFOPLIST_KEY_UISupportedInterfaceOrientations_iPad = "UIInterfaceOrientationPortrait UIInterfaceOrientationPortraitUpsideDown UIInterfaceOrientationLandscapeLeft UIInterfaceOrientationLandscapeRight";
				INFOPLIST_KEY_UISupportedInterfaceOrientations_iPhone = "UIInterfaceOrientationPortrait UIInterfaceOrientationLandscapeLeft UIInterfaceOrientationLandscapeRight";
				IPHONEOS_DEPLOYMENT_TARGET = 13.0;
				LD_RUNPATH_SEARCH_PATHS = (
					"$(inherited)",
					"@executable_path/Frameworks",
				);
				MARKETING_VERSION = 1.0;
				PRODUCT_BUNDLE_IDENTIFIER = com.tsaybelDev.WhatToWatch;
				PRODUCT_NAME = "$(TARGET_NAME)";
				SWIFT_EMIT_LOC_STRINGS = YES;
				SWIFT_VERSION = 5.0;
				TARGETED_DEVICE_FAMILY = "1,2";
			};
			name = Debug;
		};
		17D694D229BC63FA0021F017 /* Release */ = {
			isa = XCBuildConfiguration;
			baseConfigurationReference = 917F35E4DF109F3E0FA0FCC8 /* Pods-WhatToWatch.release.xcconfig */;
			buildSettings = {
				ASSETCATALOG_COMPILER_APPICON_NAME = AppIcon;
				ASSETCATALOG_COMPILER_GLOBAL_ACCENT_COLOR_NAME = AccentColor;
				CODE_SIGN_STYLE = Automatic;
				CURRENT_PROJECT_VERSION = 1;
				DEVELOPMENT_TEAM = XY2J735A6H;
				GENERATE_INFOPLIST_FILE = YES;
				INFOPLIST_FILE = "WhatToWatch/Supporting Files/Info.plist";
				INFOPLIST_KEY_UIApplicationSupportsIndirectInputEvents = YES;
				INFOPLIST_KEY_UILaunchStoryboardName = LaunchScreen;
				INFOPLIST_KEY_UIMainStoryboardFile = "";
				INFOPLIST_KEY_UISupportedInterfaceOrientations_iPad = "UIInterfaceOrientationPortrait UIInterfaceOrientationPortraitUpsideDown UIInterfaceOrientationLandscapeLeft UIInterfaceOrientationLandscapeRight";
				INFOPLIST_KEY_UISupportedInterfaceOrientations_iPhone = "UIInterfaceOrientationPortrait UIInterfaceOrientationLandscapeLeft UIInterfaceOrientationLandscapeRight";
				IPHONEOS_DEPLOYMENT_TARGET = 13.0;
				LD_RUNPATH_SEARCH_PATHS = (
					"$(inherited)",
					"@executable_path/Frameworks",
				);
				MARKETING_VERSION = 1.0;
				PRODUCT_BUNDLE_IDENTIFIER = com.tsaybelDev.WhatToWatch;
				PRODUCT_NAME = "$(TARGET_NAME)";
				SWIFT_EMIT_LOC_STRINGS = YES;
				SWIFT_VERSION = 5.0;
				TARGETED_DEVICE_FAMILY = "1,2";
			};
			name = Release;
		};
/* End XCBuildConfiguration section */

/* Begin XCConfigurationList section */
		17D694B729BC63F90021F017 /* Build configuration list for PBXProject "WhatToWatch" */ = {
			isa = XCConfigurationList;
			buildConfigurations = (
				17D694CE29BC63FA0021F017 /* Debug */,
				17D694CF29BC63FA0021F017 /* Release */,
			);
			defaultConfigurationIsVisible = 0;
			defaultConfigurationName = Release;
		};
		17D694D029BC63FA0021F017 /* Build configuration list for PBXNativeTarget "WhatToWatch" */ = {
			isa = XCConfigurationList;
			buildConfigurations = (
				17D694D129BC63FA0021F017 /* Debug */,
				17D694D229BC63FA0021F017 /* Release */,
			);
			defaultConfigurationIsVisible = 0;
			defaultConfigurationName = Release;
		};
/* End XCConfigurationList section */
	};
	rootObject = 17D694B429BC63F90021F017 /* Project object */;
}
